
Microsoft Visual Studio Solution File, Format Version 12.00
Project("{FAE04EC0-301F-11D3-BF4B-00C04F79EFBC}") = "Dispatching", "Dispatching\Dispatching.csproj", "{3DDF43FC-A7DD-4D5C-A112-DDBB48778FF0}"
EndProject
Project("{FAE04EC0-301F-11D3-BF4B-00C04F79EFBC}") = "Dispatching.Tests", "Dispatching.Tests\Dispatching.Tests.csproj", "{50CCD1C5-4B99-407E-8706-AE530D44D912}"
EndProject
Global
	GlobalSection(SolutionConfigurationPlatforms) = preSolution
		Debug|Any CPU = Debug|Any CPU
		Release|Any CPU = Release|Any CPU
	EndGlobalSection
	GlobalSection(ProjectConfigurationPlatforms) = postSolution
		{3DDF43FC-A7DD-4D5C-A112-DDBB48778FF0}.Debug|Any CPU.ActiveCfg = Debug|Any CPU
		{3DDF43FC-A7DD-4D5C-A112-DDBB48778FF0}.Debug|Any CPU.Build.0 = Debug|Any CPU
		{3DDF43FC-A7DD-4D5C-A112-DDBB48778FF0}.Release|Any CPU.ActiveCfg = Release|Any CPU
		{3DDF43FC-A7DD-4D5C-A112-DDBB48778FF0}.Release|Any CPU.Build.0 = Release|Any CPU
		{50CCD1C5-4B99-407E-8706-AE530D44D912}.Debug|Any CPU.ActiveCfg = Debug|Any CPU
		{50CCD1C5-4B99-407E-8706-AE530D44D912}.Debug|Any CPU.Build.0 = Debug|Any CPU
		{50CCD1C5-4B99-407E-8706-AE530D44D912}.Release|Any CPU.ActiveCfg = Release|Any CPU
		{50CCD1C5-4B99-407E-8706-AE530D44D912}.Release|Any CPU.Build.0 = Release|Any CPU
	EndGlobalSection
EndGlobal
